
Microsoft Visual Studio Solution File, Format Version 12.00
# Visual Studio Version 18
VisualStudioVersion = 18.4.11605.240
MinimumVisualStudioVersion = 10.0.40219.1
Project("{9A19103F-16F7-4668-BE54-9A1E7A4F7556}") = "Template.Getter.Api", "Services\Getter\Template.Getter.Api\Template.Getter.Api.csproj", "{9B4BD831-5014-416B-8223-789019A89B21}"
EndProject
Project("{9A19103F-16F7-4668-BE54-9A1E7A4F7556}") = "Template.Getter.Application", "Services\Getter\Template.Getter.Application\Template.Getter.Application.csproj", "{455D0ADF-0CF7-4268-8637-1BBAEF221565}"
EndProject
Project("{9A19103F-16F7-4668-BE54-9A1E7A4F7556}") = "Shared.Common", "Shared\Core\Shared.Common\Shared.Common.csproj", "{1D865991-E928-4398-8C31-C120BBF32D72}"
EndProject
Project("{9A19103F-16F7-4668-BE54-9A1E7A4F7556}") = "Shared.Infrastructure.Logging", "Shared\Logging\Shared.Infrastructure.Logging\Shared.Infrastructure.Logging.csproj", "{512D3265-D0AE-49F3-904D-346B0D20A63E}"
EndProject
Project("{2150E333-8FDC-42A3-9474-1A3956D46DE8}") = "Shared", "Shared", "{30DEDAD4-3A5F-4E66-AD49-CA7F74EF9750}"
EndProject
Project("{9A19103F-16F7-4668-BE54-9A1E7A4F7556}") = "Template.Setter.Api", "Services\Setter\Template.Setter.Api\Template.Setter.Api.csproj", "{37D0CB47-EFB4-4424-A434-FB696BE187A7}"
EndProject
Project("{9A19103F-16F7-4668-BE54-9A1E7A4F7556}") = "Template.Bff.Api", "Services\Bff\Template.Bff.Api\Template.Bff.Api.csproj", "{133BCC45-8364-45E7-8735-77F5C28E497F}"
EndProject
Project("{2150E333-8FDC-42A3-9474-1A3956D46DE8}") = "Services", "Services", "{6B1CE3F8-0989-40A4-8487-BAD22C4A3FEA}"
EndProject
Project("{2150E333-8FDC-42A3-9474-1A3956D46DE8}") = "4. Template.Getter", "4. Template.Getter", "{8726103E-5424-4475-B172-E9AE202E0B9C}"
EndProject
Project("{2150E333-8FDC-42A3-9474-1A3956D46DE8}") = "5. Template.Setter", "5. Template.Setter", "{B95E8038-D875-49B1-837F-C3FE53A621D9}"
EndProject
Project("{2150E333-8FDC-42A3-9474-1A3956D46DE8}") = "3. Template.Bff", "3. Template.Bff", "{C4613025-C99D-4C65-9223-C5ADB938ECCB}"
EndProject
Project("{9A19103F-16F7-4668-BE54-9A1E7A4F7556}") = "Template.Setter.Application", "Services\Setter\Template.Setter.Application\Template.Setter.Application.csproj", "{23F2971A-AA54-4872-82A9-2786C6751E7E}"
EndProject
Project("{9A19103F-16F7-4668-BE54-9A1E7A4F7556}") = "Template.Bff.Application", "Services\Bff\Template.Bff.Application\Template.Bff.Application.csproj", "{4C8FD8A3-B030-4262-BBD4-6E43C0C25E79}"
EndProject
Project("{2150E333-8FDC-42A3-9474-1A3956D46DE8}") = "Mapper", "Mapper", "{45E6A415-3298-44EB-AA14-2BA946AF1E59}"
EndProject
Project("{9A19103F-16F7-4668-BE54-9A1E7A4F7556}") = "Shared.Infrastructure.Mapper.AutoMapper", "Shared\Mapper\Shared.Infrastructure.Mapper.AutoMapper\Shared.Infrastructure.Mapper.AutoMapper.csproj", "{3443572D-844E-47DB-AEC6-390ACBE42F6D}"
EndProject
Project("{2150E333-8FDC-42A3-9474-1A3956D46DE8}") = "Core", "Core", "{B0EA3733-B1F2-4324-86E9-AC24A53AC160}"
EndProject
Project("{9A19103F-16F7-4668-BE54-9A1E7A4F7556}") = "Shared.Infrastructure.Core", "Shared\Core\Shared.Infrastructure.Core\Shared.Infrastructure.Core.csproj", "{D15E8680-DEB2-4BCC-A313-851E93FC15D4}"
EndProject
Project("{9A19103F-16F7-4668-BE54-9A1E7A4F7556}") = "Shared.Application.Core", "Shared\Core\Shared.Application.Core\Shared.Application.Core.csproj", "{95B2A3BA-4513-4617-922C-BCEE135F2D88}"
EndProject
Project("{9A19103F-16F7-4668-BE54-9A1E7A4F7556}") = "Shared.Domain.Core", "Shared\Core\Shared.Domain.Core\Shared.Domain.Core.csproj", "{40E2A7C5-D9A3-4042-94AB-2A6E4151BFB9}"
EndProject
Project("{2150E333-8FDC-42A3-9474-1A3956D46DE8}") = "1. Common", "1. Common", "{6D40614C-8AA2-4A85-A4D7-1FB07F77F54B}"
EndProject
Project("{2150E333-8FDC-42A3-9474-1A3956D46DE8}") = "Dal", "Dal", "{0A0B58C0-C4D7-425C-A8AF-166E12AB18D9}"
EndProject
Project("{2150E333-8FDC-42A3-9474-1A3956D46DE8}") = "Logging", "Logging", "{F1192060-E3B4-43FA-ACC3-14A08DD1BAA9}"
EndProject
Project("{9A19103F-16F7-4668-BE54-9A1E7A4F7556}") = "Shared.Presentation.Core", "Shared\Core\Shared.Presentation.Core\Shared.Presentation.Core.csproj", "{F3F9DDB8-6B5E-4E6D-860F-605D0CD613FB}"
EndProject
Project("{2150E333-8FDC-42A3-9474-1A3956D46DE8}") = "Abstractions", "Abstractions", "{43636443-D60C-43D0-BC21-E581A400913A}"
EndProject
Project("{9A19103F-16F7-4668-BE54-9A1E7A4F7556}") = "Template.Getter.Application.Abstractions", "Services\Getter\Abstractions\Template.Getter.Application.Abstractions\Template.Getter.Application.Abstractions.csproj", "{2489D9EE-B6EC-4B34-A96E-ACBD65DDD402}"
EndProject
Project("{9A19103F-16F7-4668-BE54-9A1E7A4F7556}") = "Template.Domain", "Services\Common\Template.Domain\Template.Domain.csproj", "{96D7DCE2-8D29-414A-A9F6-4D3EA13DACDC}"
EndProject
Project("{2150E333-8FDC-42A3-9474-1A3956D46DE8}") = "Abstractions", "Abstractions", "{B44F4AE6-33FB-499B-A4C1-1E3BC08D9E7A}"
EndProject
Project("{9A19103F-16F7-4668-BE54-9A1E7A4F7556}") = "Template.Setter.Application.Abstractions", "Services\Setter\Abstractions\Template.Setter.Application.Abstractions\Template.Setter.Application.Abstractions.csproj", "{BB4E1B83-8BEA-4D93-A15C-3909A931C915}"
EndProject
Project("{9A19103F-16F7-4668-BE54-9A1E7A4F7556}") = "Template.Getter.Infrastructure", "Services\Getter\Template.Getter.Infrastructure\Template.Getter.Infrastructure.csproj", "{4F52FBB3-3A1C-4A82-81AE-AA28AEECE1BA}"
EndProject
Project("{9A19103F-16F7-4668-BE54-9A1E7A4F7556}") = "Template.Setter.Infrastructure", "Services\Setter\Template.Setter.Infrastructure\Template.Setter.Infrastructure.csproj", "{ED17A6D9-C248-4804-8FEE-A55BD412BBE2}"
EndProject
Project("{9A19103F-16F7-4668-BE54-9A1E7A4F7556}") = "Template.Bff.Infrastructure", "Services\Bff\Template.Bff.Infrastructure\Template.Bff.Infrastructure.csproj", "{ABCA24ED-846A-48FA-A4D2-8DE50895371F}"
EndProject
Project("{9A19103F-16F7-4668-BE54-9A1E7A4F7556}") = "Shared.Infrastructure.Dal.EFCore", "Shared\Dal\Shared.Infrastructure.Dal.EFCore\Shared.Infrastructure.Dal.EFCore.csproj", "{13B2F61F-227F-4360-88D6-4E64F609F375}"
EndProject
Project("{9A19103F-16F7-4668-BE54-9A1E7A4F7556}") = "Shared.Infrastructure.Dal.EFCore.Postgres", "Shared\Dal\Shared.Infrastructure.Dal.EFCore.Postgres\Shared.Infrastructure.Dal.EFCore.Postgres.csproj", "{53260660-4250-4C49-998D-5632CC1996BA}"
EndProject
Project("{2150E333-8FDC-42A3-9474-1A3956D46DE8}") = "EfCore", "EfCore", "{A29FB115-7A45-4D9A-917A-85A826E004AD}"
EndProject
Project("{2150E333-8FDC-42A3-9474-1A3956D46DE8}") = "DbProviders", "DbProviders", "{6DA8CBAA-7F98-4DB3-A14E-864616C76A8E}"
EndProject
Project("{9A19103F-16F7-4668-BE54-9A1E7A4F7556}") = "Template.Infrastructure.Dal", "Services\Common\Template.Infrastructure.Dal\Template.Infrastructure.Dal.csproj", "{0BC2675E-CA31-459A-B32E-C6341F81BA9E}"
EndProject
Project("{9A19103F-16F7-4668-BE54-9A1E7A4F7556}") = "Shared.Application.Cqrs.Core", "Shared\Core\Shared.Application.Cqrs.Core\Shared.Application.Cqrs.Core.csproj", "{F8C9BE31-B14D-49A5-ACF3-B1F07197A788}"
EndProject
Project("{2150E333-8FDC-42A3-9474-1A3956D46DE8}") = "2. Template.DatabaseUpgrade", "2. Template.DatabaseUpgrade", "{5EE61A95-BFFB-401D-9612-AD88ECE251CF}"
EndProject
Project("{9A19103F-16F7-4668-BE54-9A1E7A4F7556}") = "Template.DatabaseUpgrade", "Services\DatabaseUpgrade\Template.DatabaseUpgrade\Template.DatabaseUpgrade.csproj", "{23AE00D7-1F48-4BF6-80F9-EC8C94BB396C}"
EndProject
Project("{2150E333-8FDC-42A3-9474-1A3956D46DE8}") = "Utils", "Utils", "{4E8470CE-3203-4015-9D00-F4046628D121}"
EndProject
Project("{9A19103F-16F7-4668-BE54-9A1E7A4F7556}") = "Shared.Utils.DatabaseUpgrade", "Shared\Utils\Shared.Utils.DatabaseUpgrade\Shared.Utils.DatabaseUpgrade.csproj", "{DA3F1D11-565B-4B0E-86EA-FAAE6A296A0D}"
EndProject
Project("{9A19103F-16F7-4668-BE54-9A1E7A4F7556}") = "Template.Application", "Services\Common\Template.Application\Template.Application.csproj", "{6BE59E4C-DB23-413F-B4AA-89B105FDF89B}"
EndProject
Project("{9A19103F-16F7-4668-BE54-9A1E7A4F7556}") = "Template.Infrastructure.Mapping", "Services\Common\Template.Infrastructure.Mapping\Template.Infrastructure.Mapping.csproj", "{D38BE378-945E-4E81-845A-724CEA9ADF47}"
EndProject
Project("{2150E333-8FDC-42A3-9474-1A3956D46DE8}") = "Job", "Job", "{02EA681E-C7D8-13C7-8484-4AC65E1B71E8}"
EndProject
Project("{FAE04EC0-301F-11D3-BF4B-00C04F79EFBC}") = "Shared.Infrastructure.Job.Quartz", "Shared\Job\Shared.Infrastructure.Job.Quartz\Shared.Infrastructure.Job.Quartz.csproj", "{4DBF2740-04D6-4479-6900-7F384C922B79}"
EndProject
Project("{FAE04EC0-301F-11D3-BF4B-00C04F79EFBC}") = "Template.Presentation", "Services\Common\Template.Presentation\Template.Presentation.csproj", "{0AA79437-0741-4B9E-8821-C59BA12A66D2}"
EndProject
Project("{FAE04EC0-301F-11D3-BF4B-00C04F79EFBC}") = "Template.Infrastructure", "Services\Common\Template.Infrastructure\Template.Infrastructure.csproj", "{65CC0B08-4F13-4B13-A3F2-C2F31E233A9B}"
EndProject
Project("{2150E333-8FDC-42A3-9474-1A3956D46DE8}") = "Tests", "Tests", "{F29C1BA5-1F17-49E3-A205-75E7A3030097}"
EndProject
Project("{2150E333-8FDC-42A3-9474-1A3956D46DE8}") = "Shared", "Shared", "{9F4FCA25-AFAD-4C18-B4C7-C098F8B1A6A6}"
EndProject
Project("{2150E333-8FDC-42A3-9474-1A3956D46DE8}") = "Utils", "Utils", "{3392665F-D186-4DCF-AA13-D978FC757447}"
EndProject
Project("{FAE04EC0-301F-11D3-BF4B-00C04F79EFBC}") = "Shared.Utils.DatabaseUpgrade.Tests", "Tests\Shared\Utils\Shared.Utils.DatabaseUpgrade.Tests\Shared.Utils.DatabaseUpgrade.Tests.csproj", "{AE5FC15D-3782-8D94-1B6F-68DBDC814D85}"
EndProject
Project("{2150E333-8FDC-42A3-9474-1A3956D46DE8}") = "Core", "Core", "{08183108-174E-451B-B06C-5343E5DA145C}"
EndProject
Project("{FAE04EC0-301F-11D3-BF4B-00C04F79EFBC}") = "Shared.Application.Core.Tests", "Tests\Shared\Core\Shared.Application.Core.Tests\Shared.Application.Core.Tests.csproj", "{913E65EB-15CE-8F7B-D235-F45914EDDE14}"
EndProject
Project("{FAE04EC0-301F-11D3-BF4B-00C04F79EFBC}") = "Shared.Common.Tests", "Tests\Shared\Core\Shared.Common.Tests\Shared.Common.Tests.csproj", "{34663B2F-7813-BC5C-5DA3-F44CDFCCEAD5}"
EndProject
Project("{FAE04EC0-301F-11D3-BF4B-00C04F79EFBC}") = "Shared.Testing", "Tests\Shared\Shared.Testing\Shared.Testing.csproj", "{D7972BFE-8902-4BB7-B6A2-55E1CB8CE00D}"
EndProject
Global
	GlobalSection(SolutionConfigurationPlatforms) = preSolution
		Debug|Any CPU = Debug|Any CPU
		Publish|Any CPU = Publish|Any CPU
		Release|Any CPU = Release|Any CPU
	EndGlobalSection
	GlobalSection(ProjectConfigurationPlatforms) = postSolution
		{9B4BD831-5014-416B-8223-789019A89B21}.Debug|Any CPU.ActiveCfg = Debug|Any CPU
		{9B4BD831-5014-416B-8223-789019A89B21}.Debug|Any CPU.Build.0 = Debug|Any CPU
		{9B4BD831-5014-416B-8223-789019A89B21}.Publish|Any CPU.ActiveCfg = Debug|Any CPU
		{9B4BD831-5014-416B-8223-789019A89B21}.Publish|Any CPU.Build.0 = Debug|Any CPU
		{9B4BD831-5014-416B-8223-789019A89B21}.Release|Any CPU.ActiveCfg = Release|Any CPU
		{9B4BD831-5014-416B-8223-789019A89B21}.Release|Any CPU.Build.0 = Release|Any CPU
		{455D0ADF-0CF7-4268-8637-1BBAEF221565}.Debug|Any CPU.ActiveCfg = Debug|Any CPU
		{455D0ADF-0CF7-4268-8637-1BBAEF221565}.Debug|Any CPU.Build.0 = Debug|Any CPU
		{455D0ADF-0CF7-4268-8637-1BBAEF221565}.Publish|Any CPU.ActiveCfg = Debug|Any CPU
		{455D0ADF-0CF7-4268-8637-1BBAEF221565}.Publish|Any CPU.Build.0 = Debug|Any CPU
		{455D0ADF-0CF7-4268-8637-1BBAEF221565}.Release|Any CPU.ActiveCfg = Release|Any CPU
		{455D0ADF-0CF7-4268-8637-1BBAEF221565}.Release|Any CPU.Build.0 = Release|Any CPU
		{1D865991-E928-4398-8C31-C120BBF32D72}.Debug|Any CPU.ActiveCfg = Debug|Any CPU
		{1D865991-E928-4398-8C31-C120BBF32D72}.Debug|Any CPU.Build.0 = Debug|Any CPU
		{1D865991-E928-4398-8C31-C120BBF32D72}.Publish|Any CPU.ActiveCfg = Debug|Any CPU
		{1D865991-E928-4398-8C31-C120BBF32D72}.Publish|Any CPU.Build.0 = Debug|Any CPU
		{1D865991-E928-4398-8C31-C120BBF32D72}.Release|Any CPU.ActiveCfg = Release|Any CPU
		{1D865991-E928-4398-8C31-C120BBF32D72}.Release|Any CPU.Build.0 = Release|Any CPU
		{512D3265-D0AE-49F3-904D-346B0D20A63E}.Debug|Any CPU.ActiveCfg = Debug|Any CPU
		{512D3265-D0AE-49F3-904D-346B0D20A63E}.Debug|Any CPU.Build.0 = Debug|Any CPU
		{512D3265-D0AE-49F3-904D-346B0D20A63E}.Publish|Any CPU.ActiveCfg = Debug|Any CPU
		{512D3265-D0AE-49F3-904D-346B0D20A63E}.Publish|Any CPU.Build.0 = Debug|Any CPU
		{512D3265-D0AE-49F3-904D-346B0D20A63E}.Release|Any CPU.ActiveCfg = Release|Any CPU
		{512D3265-D0AE-49F3-904D-346B0D20A63E}.Release|Any CPU.Build.0 = Release|Any CPU
		{37D0CB47-EFB4-4424-A434-FB696BE187A7}.Debug|Any CPU.ActiveCfg = Debug|Any CPU
		{37D0CB47-EFB4-4424-A434-FB696BE187A7}.Debug|Any CPU.Build.0 = Debug|Any CPU
		{37D0CB47-EFB4-4424-A434-FB696BE187A7}.Publish|Any CPU.ActiveCfg = Debug|Any CPU
		{37D0CB47-EFB4-4424-A434-FB696BE187A7}.Publish|Any CPU.Build.0 = Debug|Any CPU
		{37D0CB47-EFB4-4424-A434-FB696BE187A7}.Release|Any CPU.ActiveCfg = Release|Any CPU
		{37D0CB47-EFB4-4424-A434-FB696BE187A7}.Release|Any CPU.Build.0 = Release|Any CPU
		{133BCC45-8364-45E7-8735-77F5C28E497F}.Debug|Any CPU.ActiveCfg = Debug|Any CPU
		{133BCC45-8364-45E7-8735-77F5C28E497F}.Debug|Any CPU.Build.0 = Debug|Any CPU
		{133BCC45-8364-45E7-8735-77F5C28E497F}.Publish|Any CPU.ActiveCfg = Debug|Any CPU
		{133BCC45-8364-45E7-8735-77F5C28E497F}.Publish|Any CPU.Build.0 = Debug|Any CPU
		{133BCC45-8364-45E7-8735-77F5C28E497F}.Release|Any CPU.ActiveCfg = Release|Any CPU
		{133BCC45-8364-45E7-8735-77F5C28E497F}.Release|Any CPU.Build.0 = Release|Any CPU
		{23F2971A-AA54-4872-82A9-2786C6751E7E}.Debug|Any CPU.ActiveCfg = Debug|Any CPU
		{23F2971A-AA54-4872-82A9-2786C6751E7E}.Debug|Any CPU.Build.0 = Debug|Any CPU
		{23F2971A-AA54-4872-82A9-2786C6751E7E}.Publish|Any CPU.ActiveCfg = Debug|Any CPU
		{23F2971A-AA54-4872-82A9-2786C6751E7E}.Publish|Any CPU.Build.0 = Debug|Any CPU
		{23F2971A-AA54-4872-82A9-2786C6751E7E}.Release|Any CPU.ActiveCfg = Release|Any CPU
		{23F2971A-AA54-4872-82A9-2786C6751E7E}.Release|Any CPU.Build.0 = Release|Any CPU
		{4C8FD8A3-B030-4262-BBD4-6E43C0C25E79}.Debug|Any CPU.ActiveCfg = Debug|Any CPU
		{4C8FD8A3-B030-4262-BBD4-6E43C0C25E79}.Debug|Any CPU.Build.0 = Debug|Any CPU
		{4C8FD8A3-B030-4262-BBD4-6E43C0C25E79}.Publish|Any CPU.ActiveCfg = Debug|Any CPU
		{4C8FD8A3-B030-4262-BBD4-6E43C0C25E79}.Publish|Any CPU.Build.0 = Debug|Any CPU
		{4C8FD8A3-B030-4262-BBD4-6E43C0C25E79}.Release|Any CPU.ActiveCfg = Release|Any CPU
		{4C8FD8A3-B030-4262-BBD4-6E43C0C25E79}.Release|Any CPU.Build.0 = Release|Any CPU
		{3443572D-844E-47DB-AEC6-390ACBE42F6D}.Debug|Any CPU.ActiveCfg = Debug|Any CPU
		{3443572D-844E-47DB-AEC6-390ACBE42F6D}.Debug|Any CPU.Build.0 = Debug|Any CPU
		{3443572D-844E-47DB-AEC6-390ACBE42F6D}.Publish|Any CPU.ActiveCfg = Debug|Any CPU
		{3443572D-844E-47DB-AEC6-390ACBE42F6D}.Publish|Any CPU.Build.0 = Debug|Any CPU
		{3443572D-844E-47DB-AEC6-390ACBE42F6D}.Release|Any CPU.ActiveCfg = Release|Any CPU
		{3443572D-844E-47DB-AEC6-390ACBE42F6D}.Release|Any CPU.Build.0 = Release|Any CPU
		{D15E8680-DEB2-4BCC-A313-851E93FC15D4}.Debug|Any CPU.ActiveCfg = Debug|Any CPU
		{D15E8680-DEB2-4BCC-A313-851E93FC15D4}.Debug|Any CPU.Build.0 = Debug|Any CPU
		{D15E8680-DEB2-4BCC-A313-851E93FC15D4}.Publish|Any CPU.ActiveCfg = Debug|Any CPU
		{D15E8680-DEB2-4BCC-A313-851E93FC15D4}.Publish|Any CPU.Build.0 = Debug|Any CPU
		{D15E8680-DEB2-4BCC-A313-851E93FC15D4}.Release|Any CPU.ActiveCfg = Release|Any CPU
		{D15E8680-DEB2-4BCC-A313-851E93FC15D4}.Release|Any CPU.Build.0 = Release|Any CPU
		{95B2A3BA-4513-4617-922C-BCEE135F2D88}.Debug|Any CPU.ActiveCfg = Debug|Any CPU
		{95B2A3BA-4513-4617-922C-BCEE135F2D88}.Debug|Any CPU.Build.0 = Debug|Any CPU
		{95B2A3BA-4513-4617-922C-BCEE135F2D88}.Publish|Any CPU.ActiveCfg = Debug|Any CPU
		{95B2A3BA-4513-4617-922C-BCEE135F2D88}.Publish|Any CPU.Build.0 = Debug|Any CPU
		{95B2A3BA-4513-4617-922C-BCEE135F2D88}.Release|Any CPU.ActiveCfg = Release|Any CPU
		{95B2A3BA-4513-4617-922C-BCEE135F2D88}.Release|Any CPU.Build.0 = Release|Any CPU
		{40E2A7C5-D9A3-4042-94AB-2A6E4151BFB9}.Debug|Any CPU.ActiveCfg = Debug|Any CPU
		{40E2A7C5-D9A3-4042-94AB-2A6E4151BFB9}.Debug|Any CPU.Build.0 = Debug|Any CPU
		{40E2A7C5-D9A3-4042-94AB-2A6E4151BFB9}.Publish|Any CPU.ActiveCfg = Debug|Any CPU
		{40E2A7C5-D9A3-4042-94AB-2A6E4151BFB9}.Publish|Any CPU.Build.0 = Debug|Any CPU
		{40E2A7C5-D9A3-4042-94AB-2A6E4151BFB9}.Release|Any CPU.ActiveCfg = Release|Any CPU
		{40E2A7C5-D9A3-4042-94AB-2A6E4151BFB9}.Release|Any CPU.Build.0 = Release|Any CPU
		{F3F9DDB8-6B5E-4E6D-860F-605D0CD613FB}.Debug|Any CPU.ActiveCfg = Debug|Any CPU
		{F3F9DDB8-6B5E-4E6D-860F-605D0CD613FB}.Debug|Any CPU.Build.0 = Debug|Any CPU
		{F3F9DDB8-6B5E-4E6D-860F-605D0CD613FB}.Publish|Any CPU.ActiveCfg = Debug|Any CPU
		{F3F9DDB8-6B5E-4E6D-860F-605D0CD613FB}.Publish|Any CPU.Build.0 = Debug|Any CPU
		{F3F9DDB8-6B5E-4E6D-860F-605D0CD613FB}.Release|Any CPU.ActiveCfg = Release|Any CPU
		{F3F9DDB8-6B5E-4E6D-860F-605D0CD613FB}.Release|Any CPU.Build.0 = Release|Any CPU
		{2489D9EE-B6EC-4B34-A96E-ACBD65DDD402}.Debug|Any CPU.ActiveCfg = Debug|Any CPU
		{2489D9EE-B6EC-4B34-A96E-ACBD65DDD402}.Debug|Any CPU.Build.0 = Debug|Any CPU
		{2489D9EE-B6EC-4B34-A96E-ACBD65DDD402}.Publish|Any CPU.ActiveCfg = Debug|Any CPU
		{2489D9EE-B6EC-4B34-A96E-ACBD65DDD402}.Publish|Any CPU.Build.0 = Debug|Any CPU
		{2489D9EE-B6EC-4B34-A96E-ACBD65DDD402}.Release|Any CPU.ActiveCfg = Release|Any CPU
		{2489D9EE-B6EC-4B34-A96E-ACBD65DDD402}.Release|Any CPU.Build.0 = Release|Any CPU
		{96D7DCE2-8D29-414A-A9F6-4D3EA13DACDC}.Debug|Any CPU.ActiveCfg = Debug|Any CPU
		{96D7DCE2-8D29-414A-A9F6-4D3EA13DACDC}.Debug|Any CPU.Build.0 = Debug|Any CPU
		{96D7DCE2-8D29-414A-A9F6-4D3EA13DACDC}.Publish|Any CPU.ActiveCfg = Debug|Any CPU
		{96D7DCE2-8D29-414A-A9F6-4D3EA13DACDC}.Publish|Any CPU.Build.0 = Debug|Any CPU
		{96D7DCE2-8D29-414A-A9F6-4D3EA13DACDC}.Release|Any CPU.ActiveCfg = Release|Any CPU
		{96D7DCE2-8D29-414A-A9F6-4D3EA13DACDC}.Release|Any CPU.Build.0 = Release|Any CPU
		{BB4E1B83-8BEA-4D93-A15C-3909A931C915}.Debug|Any CPU.ActiveCfg = Debug|Any CPU
		{BB4E1B83-8BEA-4D93-A15C-3909A931C915}.Debug|Any CPU.Build.0 = Debug|Any CPU
		{BB4E1B83-8BEA-4D93-A15C-3909A931C915}.Publish|Any CPU.ActiveCfg = Debug|Any CPU
		{BB4E1B83-8BEA-4D93-A15C-3909A931C915}.Publish|Any CPU.Build.0 = Debug|Any CPU
		{BB4E1B83-8BEA-4D93-A15C-3909A931C915}.Release|Any CPU.ActiveCfg = Release|Any CPU
		{BB4E1B83-8BEA-4D93-A15C-3909A931C915}.Release|Any CPU.Build.0 = Release|Any CPU
		{4F52FBB3-3A1C-4A82-81AE-AA28AEECE1BA}.Debug|Any CPU.ActiveCfg = Debug|Any CPU
		{4F52FBB3-3A1C-4A82-81AE-AA28AEECE1BA}.Debug|Any CPU.Build.0 = Debug|Any CPU
		{4F52FBB3-3A1C-4A82-81AE-AA28AEECE1BA}.Publish|Any CPU.ActiveCfg = Debug|Any CPU
		{4F52FBB3-3A1C-4A82-81AE-AA28AEECE1BA}.Publish|Any CPU.Build.0 = Debug|Any CPU
		{4F52FBB3-3A1C-4A82-81AE-AA28AEECE1BA}.Release|Any CPU.ActiveCfg = Release|Any CPU
		{4F52FBB3-3A1C-4A82-81AE-AA28AEECE1BA}.Release|Any CPU.Build.0 = Release|Any CPU
		{ED17A6D9-C248-4804-8FEE-A55BD412BBE2}.Debug|Any CPU.ActiveCfg = Debug|Any CPU
		{ED17A6D9-C248-4804-8FEE-A55BD412BBE2}.Debug|Any CPU.Build.0 = Debug|Any CPU
		{ED17A6D9-C248-4804-8FEE-A55BD412BBE2}.Publish|Any CPU.ActiveCfg = Debug|Any CPU
		{ED17A6D9-C248-4804-8FEE-A55BD412BBE2}.Publish|Any CPU.Build.0 = Debug|Any CPU
		{ED17A6D9-C248-4804-8FEE-A55BD412BBE2}.Release|Any CPU.ActiveCfg = Release|Any CPU
		{ED17A6D9-C248-4804-8FEE-A55BD412BBE2}.Release|Any CPU.Build.0 = Release|Any CPU
		{ABCA24ED-846A-48FA-A4D2-8DE50895371F}.Debug|Any CPU.ActiveCfg = Debug|Any CPU
		{ABCA24ED-846A-48FA-A4D2-8DE50895371F}.Debug|Any CPU.Build.0 = Debug|Any CPU
		{ABCA24ED-846A-48FA-A4D2-8DE50895371F}.Publish|Any CPU.ActiveCfg = Debug|Any CPU
		{ABCA24ED-846A-48FA-A4D2-8DE50895371F}.Publish|Any CPU.Build.0 = Debug|Any CPU
		{ABCA24ED-846A-48FA-A4D2-8DE50895371F}.Release|Any CPU.ActiveCfg = Release|Any CPU
		{ABCA24ED-846A-48FA-A4D2-8DE50895371F}.Release|Any CPU.Build.0 = Release|Any CPU
		{13B2F61F-227F-4360-88D6-4E64F609F375}.Debug|Any CPU.ActiveCfg = Debug|Any CPU
		{13B2F61F-227F-4360-88D6-4E64F609F375}.Debug|Any CPU.Build.0 = Debug|Any CPU
		{13B2F61F-227F-4360-88D6-4E64F609F375}.Publish|Any CPU.ActiveCfg = Debug|Any CPU
		{13B2F61F-227F-4360-88D6-4E64F609F375}.Publish|Any CPU.Build.0 = Debug|Any CPU
		{13B2F61F-227F-4360-88D6-4E64F609F375}.Release|Any CPU.ActiveCfg = Release|Any CPU
		{13B2F61F-227F-4360-88D6-4E64F609F375}.Release|Any CPU.Build.0 = Release|Any CPU
		{53260660-4250-4C49-998D-5632CC1996BA}.Debug|Any CPU.ActiveCfg = Debug|Any CPU
		{53260660-4250-4C49-998D-5632CC1996BA}.Debug|Any CPU.Build.0 = Debug|Any CPU
		{53260660-4250-4C49-998D-5632CC1996BA}.Publish|Any CPU.ActiveCfg = Debug|Any CPU
		{53260660-4250-4C49-998D-5632CC1996BA}.Publish|Any CPU.Build.0 = Debug|Any CPU
		{53260660-4250-4C49-998D-5632CC1996BA}.Release|Any CPU.ActiveCfg = Release|Any CPU
		{53260660-4250-4C49-998D-5632CC1996BA}.Release|Any CPU.Build.0 = Release|Any CPU
		{0BC2675E-CA31-459A-B32E-C6341F81BA9E}.Debug|Any CPU.ActiveCfg = Debug|Any CPU
		{0BC2675E-CA31-459A-B32E-C6341F81BA9E}.Debug|Any CPU.Build.0 = Debug|Any CPU
		{0BC2675E-CA31-459A-B32E-C6341F81BA9E}.Publish|Any CPU.ActiveCfg = Debug|Any CPU
		{0BC2675E-CA31-459A-B32E-C6341F81BA9E}.Publish|Any CPU.Build.0 = Debug|Any CPU
		{0BC2675E-CA31-459A-B32E-C6341F81BA9E}.Release|Any CPU.ActiveCfg = Release|Any CPU
		{0BC2675E-CA31-459A-B32E-C6341F81BA9E}.Release|Any CPU.Build.0 = Release|Any CPU
		{F8C9BE31-B14D-49A5-ACF3-B1F07197A788}.Debug|Any CPU.ActiveCfg = Debug|Any CPU
		{F8C9BE31-B14D-49A5-ACF3-B1F07197A788}.Debug|Any CPU.Build.0 = Debug|Any CPU
		{F8C9BE31-B14D-49A5-ACF3-B1F07197A788}.Publish|Any CPU.ActiveCfg = Debug|Any CPU
		{F8C9BE31-B14D-49A5-ACF3-B1F07197A788}.Publish|Any CPU.Build.0 = Debug|Any CPU
		{F8C9BE31-B14D-49A5-ACF3-B1F07197A788}.Release|Any CPU.ActiveCfg = Release|Any CPU
		{F8C9BE31-B14D-49A5-ACF3-B1F07197A788}.Release|Any CPU.Build.0 = Release|Any CPU
		{23AE00D7-1F48-4BF6-80F9-EC8C94BB396C}.Debug|Any CPU.ActiveCfg = Debug|Any CPU
		{23AE00D7-1F48-4BF6-80F9-EC8C94BB396C}.Debug|Any CPU.Build.0 = Debug|Any CPU
		{23AE00D7-1F48-4BF6-80F9-EC8C94BB396C}.Publish|Any CPU.ActiveCfg = Debug|Any CPU
		{23AE00D7-1F48-4BF6-80F9-EC8C94BB396C}.Publish|Any CPU.Build.0 = Debug|Any CPU
		{23AE00D7-1F48-4BF6-80F9-EC8C94BB396C}.Release|Any CPU.ActiveCfg = Release|Any CPU
		{23AE00D7-1F48-4BF6-80F9-EC8C94BB396C}.Release|Any CPU.Build.0 = Release|Any CPU
		{DA3F1D11-565B-4B0E-86EA-FAAE6A296A0D}.Debug|Any CPU.ActiveCfg = Debug|Any CPU
		{DA3F1D11-565B-4B0E-86EA-FAAE6A296A0D}.Debug|Any CPU.Build.0 = Debug|Any CPU
		{DA3F1D11-565B-4B0E-86EA-FAAE6A296A0D}.Publish|Any CPU.ActiveCfg = Debug|Any CPU
		{DA3F1D11-565B-4B0E-86EA-FAAE6A296A0D}.Publish|Any CPU.Build.0 = Debug|Any CPU
		{DA3F1D11-565B-4B0E-86EA-FAAE6A296A0D}.Release|Any CPU.ActiveCfg = Release|Any CPU
		{DA3F1D11-565B-4B0E-86EA-FAAE6A296A0D}.Release|Any CPU.Build.0 = Release|Any CPU
		{6BE59E4C-DB23-413F-B4AA-89B105FDF89B}.Debug|Any CPU.ActiveCfg = Debug|Any CPU
		{6BE59E4C-DB23-413F-B4AA-89B105FDF89B}.Debug|Any CPU.Build.0 = Debug|Any CPU
		{6BE59E4C-DB23-413F-B4AA-89B105FDF89B}.Publish|Any CPU.ActiveCfg = Debug|Any CPU
		{6BE59E4C-DB23-413F-B4AA-89B105FDF89B}.Publish|Any CPU.Build.0 = Debug|Any CPU
		{6BE59E4C-DB23-413F-B4AA-89B105FDF89B}.Release|Any CPU.ActiveCfg = Release|Any CPU
		{6BE59E4C-DB23-413F-B4AA-89B105FDF89B}.Release|Any CPU.Build.0 = Release|Any CPU
		{D38BE378-945E-4E81-845A-724CEA9ADF47}.Debug|Any CPU.ActiveCfg = Debug|Any CPU
		{D38BE378-945E-4E81-845A-724CEA9ADF47}.Debug|Any CPU.Build.0 = Debug|Any CPU
		{D38BE378-945E-4E81-845A-724CEA9ADF47}.Publish|Any CPU.ActiveCfg = Debug|Any CPU
		{D38BE378-945E-4E81-845A-724CEA9ADF47}.Publish|Any CPU.Build.0 = Debug|Any CPU
		{D38BE378-945E-4E81-845A-724CEA9ADF47}.Release|Any CPU.ActiveCfg = Release|Any CPU
		{D38BE378-945E-4E81-845A-724CEA9ADF47}.Release|Any CPU.Build.0 = Release|Any CPU
		{4DBF2740-04D6-4479-6900-7F384C922B79}.Debug|Any CPU.ActiveCfg = Debug|Any CPU
		{4DBF2740-04D6-4479-6900-7F384C922B79}.Debug|Any CPU.Build.0 = Debug|Any CPU
		{4DBF2740-04D6-4479-6900-7F384C922B79}.Publish|Any CPU.ActiveCfg = Release|Any CPU
		{4DBF2740-04D6-4479-6900-7F384C922B79}.Publish|Any CPU.Build.0 = Release|Any CPU
		{4DBF2740-04D6-4479-6900-7F384C922B79}.Release|Any CPU.ActiveCfg = Release|Any CPU
		{4DBF2740-04D6-4479-6900-7F384C922B79}.Release|Any CPU.Build.0 = Release|Any CPU
		{0AA79437-0741-4B9E-8821-C59BA12A66D2}.Debug|Any CPU.ActiveCfg = Debug|Any CPU
		{0AA79437-0741-4B9E-8821-C59BA12A66D2}.Debug|Any CPU.Build.0 = Debug|Any CPU
		{0AA79437-0741-4B9E-8821-C59BA12A66D2}.Publish|Any CPU.ActiveCfg = Release|Any CPU
		{0AA79437-0741-4B9E-8821-C59BA12A66D2}.Publish|Any CPU.Build.0 = Release|Any CPU
		{0AA79437-0741-4B9E-8821-C59BA12A66D2}.Release|Any CPU.ActiveCfg = Release|Any CPU
		{0AA79437-0741-4B9E-8821-C59BA12A66D2}.Release|Any CPU.Build.0 = Release|Any CPU
		{65CC0B08-4F13-4B13-A3F2-C2F31E233A9B}.Debug|Any CPU.ActiveCfg = Debug|Any CPU
		{65CC0B08-4F13-4B13-A3F2-C2F31E233A9B}.Debug|Any CPU.Build.0 = Debug|Any CPU
		{65CC0B08-4F13-4B13-A3F2-C2F31E233A9B}.Publish|Any CPU.ActiveCfg = Release|Any CPU
		{65CC0B08-4F13-4B13-A3F2-C2F31E233A9B}.Publish|Any CPU.Build.0 = Release|Any CPU
		{65CC0B08-4F13-4B13-A3F2-C2F31E233A9B}.Release|Any CPU.ActiveCfg = Release|Any CPU
		{65CC0B08-4F13-4B13-A3F2-C2F31E233A9B}.Release|Any CPU.Build.0 = Release|Any CPU
		{AE5FC15D-3782-8D94-1B6F-68DBDC814D85}.Debug|Any CPU.ActiveCfg = Debug|Any CPU
		{AE5FC15D-3782-8D94-1B6F-68DBDC814D85}.Debug|Any CPU.Build.0 = Debug|Any CPU
		{AE5FC15D-3782-8D94-1B6F-68DBDC814D85}.Publish|Any CPU.ActiveCfg = Release|Any CPU
		{AE5FC15D-3782-8D94-1B6F-68DBDC814D85}.Publish|Any CPU.Build.0 = Release|Any CPU
		{AE5FC15D-3782-8D94-1B6F-68DBDC814D85}.Release|Any CPU.ActiveCfg = Release|Any CPU
		{AE5FC15D-3782-8D94-1B6F-68DBDC814D85}.Release|Any CPU.Build.0 = Release|Any CPU
		{913E65EB-15CE-8F7B-D235-F45914EDDE14}.Debug|Any CPU.ActiveCfg = Debug|Any CPU
		{913E65EB-15CE-8F7B-D235-F45914EDDE14}.Debug|Any CPU.Build.0 = Debug|Any CPU
		{913E65EB-15CE-8F7B-D235-F45914EDDE14}.Publish|Any CPU.ActiveCfg = Release|Any CPU
		{913E65EB-15CE-8F7B-D235-F45914EDDE14}.Publish|Any CPU.Build.0 = Release|Any CPU
		{913E65EB-15CE-8F7B-D235-F45914EDDE14}.Release|Any CPU.ActiveCfg = Release|Any CPU
		{913E65EB-15CE-8F7B-D235-F45914EDDE14}.Release|Any CPU.Build.0 = Release|Any CPU
		{34663B2F-7813-BC5C-5DA3-F44CDFCCEAD5}.Debug|Any CPU.ActiveCfg = Debug|Any CPU
		{34663B2F-7813-BC5C-5DA3-F44CDFCCEAD5}.Debug|Any CPU.Build.0 = Debug|Any CPU
		{34663B2F-7813-BC5C-5DA3-F44CDFCCEAD5}.Publish|Any CPU.ActiveCfg = Release|Any CPU
		{34663B2F-7813-BC5C-5DA3-F44CDFCCEAD5}.Publish|Any CPU.Build.0 = Release|Any CPU
		{34663B2F-7813-BC5C-5DA3-F44CDFCCEAD5}.Release|Any CPU.ActiveCfg = Release|Any CPU
		{34663B2F-7813-BC5C-5DA3-F44CDFCCEAD5}.Release|Any CPU.Build.0 = Release|Any CPU
		{D7972BFE-8902-4BB7-B6A2-55E1CB8CE00D}.Debug|Any CPU.ActiveCfg = Debug|Any CPU
		{D7972BFE-8902-4BB7-B6A2-55E1CB8CE00D}.Debug|Any CPU.Build.0 = Debug|Any CPU
		{D7972BFE-8902-4BB7-B6A2-55E1CB8CE00D}.Publish|Any CPU.ActiveCfg = Release|Any CPU
		{D7972BFE-8902-4BB7-B6A2-55E1CB8CE00D}.Publish|Any CPU.Build.0 = Release|Any CPU
		{D7972BFE-8902-4BB7-B6A2-55E1CB8CE00D}.Release|Any CPU.ActiveCfg = Release|Any CPU
		{D7972BFE-8902-4BB7-B6A2-55E1CB8CE00D}.Release|Any CPU.Build.0 = Release|Any CPU
	EndGlobalSection
	GlobalSection(SolutionProperties) = preSolution
		HideSolutionNode = FALSE
	EndGlobalSection
	GlobalSection(NestedProjects) = preSolution
		{9B4BD831-5014-416B-8223-789019A89B21} = {8726103E-5424-4475-B172-E9AE202E0B9C}
		{455D0ADF-0CF7-4268-8637-1BBAEF221565} = {8726103E-5424-4475-B172-E9AE202E0B9C}
		{1D865991-E928-4398-8C31-C120BBF32D72} = {B0EA3733-B1F2-4324-86E9-AC24A53AC160}
		{512D3265-D0AE-49F3-904D-346B0D20A63E} = {F1192060-E3B4-43FA-ACC3-14A08DD1BAA9}
		{37D0CB47-EFB4-4424-A434-FB696BE187A7} = {B95E8038-D875-49B1-837F-C3FE53A621D9}
		{133BCC45-8364-45E7-8735-77F5C28E497F} = {C4613025-C99D-4C65-9223-C5ADB938ECCB}
		{8726103E-5424-4475-B172-E9AE202E0B9C} = {6B1CE3F8-0989-40A4-8487-BAD22C4A3FEA}
		{B95E8038-D875-49B1-837F-C3FE53A621D9} = {6B1CE3F8-0989-40A4-8487-BAD22C4A3FEA}
		{C4613025-C99D-4C65-9223-C5ADB938ECCB} = {6B1CE3F8-0989-40A4-8487-BAD22C4A3FEA}
		{23F2971A-AA54-4872-82A9-2786C6751E7E} = {B95E8038-D875-49B1-837F-C3FE53A621D9}
		{4C8FD8A3-B030-4262-BBD4-6E43C0C25E79} = {C4613025-C99D-4C65-9223-C5ADB938ECCB}
		{45E6A415-3298-44EB-AA14-2BA946AF1E59} = {30DEDAD4-3A5F-4E66-AD49-CA7F74EF9750}
		{3443572D-844E-47DB-AEC6-390ACBE42F6D} = {45E6A415-3298-44EB-AA14-2BA946AF1E59}
		{B0EA3733-B1F2-4324-86E9-AC24A53AC160} = {30DEDAD4-3A5F-4E66-AD49-CA7F74EF9750}
		{D15E8680-DEB2-4BCC-A313-851E93FC15D4} = {B0EA3733-B1F2-4324-86E9-AC24A53AC160}
		{95B2A3BA-4513-4617-922C-BCEE135F2D88} = {B0EA3733-B1F2-4324-86E9-AC24A53AC160}
		{40E2A7C5-D9A3-4042-94AB-2A6E4151BFB9} = {B0EA3733-B1F2-4324-86E9-AC24A53AC160}
		{6D40614C-8AA2-4A85-A4D7-1FB07F77F54B} = {6B1CE3F8-0989-40A4-8487-BAD22C4A3FEA}
		{0A0B58C0-C4D7-425C-A8AF-166E12AB18D9} = {30DEDAD4-3A5F-4E66-AD49-CA7F74EF9750}
		{F1192060-E3B4-43FA-ACC3-14A08DD1BAA9} = {30DEDAD4-3A5F-4E66-AD49-CA7F74EF9750}
		{F3F9DDB8-6B5E-4E6D-860F-605D0CD613FB} = {B0EA3733-B1F2-4324-86E9-AC24A53AC160}
		{43636443-D60C-43D0-BC21-E581A400913A} = {8726103E-5424-4475-B172-E9AE202E0B9C}
		{2489D9EE-B6EC-4B34-A96E-ACBD65DDD402} = {43636443-D60C-43D0-BC21-E581A400913A}
		{96D7DCE2-8D29-414A-A9F6-4D3EA13DACDC} = {6D40614C-8AA2-4A85-A4D7-1FB07F77F54B}
		{B44F4AE6-33FB-499B-A4C1-1E3BC08D9E7A} = {B95E8038-D875-49B1-837F-C3FE53A621D9}
		{BB4E1B83-8BEA-4D93-A15C-3909A931C915} = {B44F4AE6-33FB-499B-A4C1-1E3BC08D9E7A}
		{4F52FBB3-3A1C-4A82-81AE-AA28AEECE1BA} = {8726103E-5424-4475-B172-E9AE202E0B9C}
		{ED17A6D9-C248-4804-8FEE-A55BD412BBE2} = {B95E8038-D875-49B1-837F-C3FE53A621D9}
		{ABCA24ED-846A-48FA-A4D2-8DE50895371F} = {C4613025-C99D-4C65-9223-C5ADB938ECCB}
		{13B2F61F-227F-4360-88D6-4E64F609F375} = {A29FB115-7A45-4D9A-917A-85A826E004AD}
		{53260660-4250-4C49-998D-5632CC1996BA} = {6DA8CBAA-7F98-4DB3-A14E-864616C76A8E}
		{A29FB115-7A45-4D9A-917A-85A826E004AD} = {0A0B58C0-C4D7-425C-A8AF-166E12AB18D9}
		{6DA8CBAA-7F98-4DB3-A14E-864616C76A8E} = {A29FB115-7A45-4D9A-917A-85A826E004AD}
		{0BC2675E-CA31-459A-B32E-C6341F81BA9E} = {6D40614C-8AA2-4A85-A4D7-1FB07F77F54B}
		{F8C9BE31-B14D-49A5-ACF3-B1F07197A788} = {B0EA3733-B1F2-4324-86E9-AC24A53AC160}
		{5EE61A95-BFFB-401D-9612-AD88ECE251CF} = {6B1CE3F8-0989-40A4-8487-BAD22C4A3FEA}
		{23AE00D7-1F48-4BF6-80F9-EC8C94BB396C} = {5EE61A95-BFFB-401D-9612-AD88ECE251CF}
		{4E8470CE-3203-4015-9D00-F4046628D121} = {30DEDAD4-3A5F-4E66-AD49-CA7F74EF9750}
		{DA3F1D11-565B-4B0E-86EA-FAAE6A296A0D} = {4E8470CE-3203-4015-9D00-F4046628D121}
		{6BE59E4C-DB23-413F-B4AA-89B105FDF89B} = {6D40614C-8AA2-4A85-A4D7-1FB07F77F54B}
		{D38BE378-945E-4E81-845A-724CEA9ADF47} = {6D40614C-8AA2-4A85-A4D7-1FB07F77F54B}
		{02EA681E-C7D8-13C7-8484-4AC65E1B71E8} = {30DEDAD4-3A5F-4E66-AD49-CA7F74EF9750}
		{4DBF2740-04D6-4479-6900-7F384C922B79} = {02EA681E-C7D8-13C7-8484-4AC65E1B71E8}
		{0AA79437-0741-4B9E-8821-C59BA12A66D2} = {6D40614C-8AA2-4A85-A4D7-1FB07F77F54B}
		{65CC0B08-4F13-4B13-A3F2-C2F31E233A9B} = {6D40614C-8AA2-4A85-A4D7-1FB07F77F54B}
		{9F4FCA25-AFAD-4C18-B4C7-C098F8B1A6A6} = {F29C1BA5-1F17-49E3-A205-75E7A3030097}
		{3392665F-D186-4DCF-AA13-D978FC757447} = {9F4FCA25-AFAD-4C18-B4C7-C098F8B1A6A6}
		{AE5FC15D-3782-8D94-1B6F-68DBDC814D85} = {3392665F-D186-4DCF-AA13-D978FC757447}
		{08183108-174E-451B-B06C-5343E5DA145C} = {9F4FCA25-AFAD-4C18-B4C7-C098F8B1A6A6}
		{913E65EB-15CE-8F7B-D235-F45914EDDE14} = {08183108-174E-451B-B06C-5343E5DA145C}
		{34663B2F-7813-BC5C-5DA3-F44CDFCCEAD5} = {08183108-174E-451B-B06C-5343E5DA145C}
		{D7972BFE-8902-4BB7-B6A2-55E1CB8CE00D} = {9F4FCA25-AFAD-4C18-B4C7-C098F8B1A6A6}
	EndGlobalSection
	GlobalSection(ExtensibilityGlobals) = postSolution
		SolutionGuid = {E9890C3A-FAB7-4EC9-854B-41BF56852932}
	EndGlobalSection
EndGlobal
